{
  "name": "visual-remusys",
  "lockfileVersion": 3,
  "requires": true,
  "packages": {
    "": {
      "devDependencies": {
        "@types/dagre": "^0.7.53"
      }
    },
    "node_modules/@types/dagre": {
      "version": "0.7.53",
      "resolved": "https://registry.npmmirror.com/@types/dagre/-/dagre-0.7.53.tgz",
      "integrity": "sha512-f4gkWqzPZvYmKhOsDnhq/R8mO4UMcKdxZo+i5SCkOU1wvGeHJeUXGIHeE9pnwGyPMDof1Vx5ZQo4nxpeg2TTVQ==",
      "dev": true,
      "license": "MIT"
    }
  }
}
